
Microsoft Visual Studio Solution File, Format Version 12.00
# Visual Studio Version 16
VisualStudioVersion = 16.0.31129.286
MinimumVisualStudioVersion = 10.0.40219.1
Project("{9A19103F-16F7-4668-BE54-9A1E7A4F7556}") = "Data.URI.Converter.NET5", "Data.URI.Converter.NET5\Data.URI.Converter.NET5.csproj", "{5E42DD32-A1F6-46A4-8704-1615B105A38B}"
EndProject
Project("{9A19103F-16F7-4668-BE54-9A1E7A4F7556}") = "TestDataURI.NET5", "TestDataURI\TestDataURI.NET5.csproj", "{1255B6E7-6566-4833-9464-8ABBE50064A3}"
EndProject
Project("{FAE04EC0-301F-11D3-BF4B-00C04F79EFBC}") = "Data.URI.Converter.NETFramework", "Data.URI.Converter.NETFramework\Data.URI.Converter.NETFramework\Data.URI.Converter.NETFramework.csproj", "{0D532D27-9680-47A2-A59E-A515B5C7BD17}"
EndProject
Project("{FAE04EC0-301F-11D3-BF4B-00C04F79EFBC}") = "TestDataURI.NETFramework", "TestDataURI.NETFramework\TestDataURI.NETFramework.csproj", "{4ED72872-6090-4659-A1F5-C662B2596085}"
EndProject
Global
	GlobalSection(SolutionConfigurationPlatforms) = preSolution
		Debug|Any CPU = Debug|Any CPU
		Release|Any CPU = Release|Any CPU
	EndGlobalSection
	GlobalSection(ProjectConfigurationPlatforms) = postSolution
		{5E42DD32-A1F6-46A4-8704-1615B105A38B}.Debug|Any CPU.ActiveCfg = Debug|Any CPU
		{5E42DD32-A1F6-46A4-8704-1615B105A38B}.Debug|Any CPU.Build.0 = Debug|Any CPU
		{5E42DD32-A1F6-46A4-8704-1615B105A38B}.Release|Any CPU.ActiveCfg = Release|Any CPU
		{5E42DD32-A1F6-46A4-8704-1615B105A38B}.Release|Any CPU.Build.0 = Release|Any CPU
		{1255B6E7-6566-4833-9464-8ABBE50064A3}.Debug|Any CPU.ActiveCfg = Debug|Any CPU
		{1255B6E7-6566-4833-9464-8ABBE50064A3}.Debug|Any CPU.Build.0 = Debug|Any CPU
		{1255B6E7-6566-4833-9464-8ABBE50064A3}.Release|Any CPU.ActiveCfg = Release|Any CPU
		{1255B6E7-6566-4833-9464-8ABBE50064A3}.Release|Any CPU.Build.0 = Release|Any CPU
		{0D532D27-9680-47A2-A59E-A515B5C7BD17}.Debug|Any CPU.ActiveCfg = Debug|Any CPU
		{0D532D27-9680-47A2-A59E-A515B5C7BD17}.Debug|Any CPU.Build.0 = Debug|Any CPU
		{0D532D27-9680-47A2-A59E-A515B5C7BD17}.Release|Any CPU.ActiveCfg = Release|Any CPU
		{0D532D27-9680-47A2-A59E-A515B5C7BD17}.Release|Any CPU.Build.0 = Release|Any CPU
		{4ED72872-6090-4659-A1F5-C662B2596085}.Debug|Any CPU.ActiveCfg = Debug|Any CPU
		{4ED72872-6090-4659-A1F5-C662B2596085}.Debug|Any CPU.Build.0 = Debug|Any CPU
		{4ED72872-6090-4659-A1F5-C662B2596085}.Release|Any CPU.ActiveCfg = Release|Any CPU
		{4ED72872-6090-4659-A1F5-C662B2596085}.Release|Any CPU.Build.0 = Release|Any CPU
	EndGlobalSection
	GlobalSection(SolutionProperties) = preSolution
		HideSolutionNode = FALSE
	EndGlobalSection
	GlobalSection(ExtensibilityGlobals) = postSolution
		SolutionGuid = {7519DF8A-F377-4D21-955C-E5B39702D42C}
	EndGlobalSection
EndGlobal
